<?xml version="1.0" encoding="utf-8"?>
<Project ToolsVersion="4.0" xmlns="http://schemas.microsoft.com/developer/msbuild/2003">
  <ItemGroup>
    <ClCompile Include="src\Main\Main.cpp" />
    <ClCompile Include="src\NanoBehaviour\HomeNano.cpp" />
    <ClCompile Include="src\NanoBehaviour\IdleNano.cpp" />
    <ClCompile Include="src\NanoBehaviour\MineNano.cpp" />
    <ClCompile Include="src\NanoBehaviour\NanoFSMCore.cpp" />
    <ClCompile Include="src\NanoBehaviour\WalkNano.cpp" />
    <ClCompile Include="src\Main\MainRicky.cpp" />
    <ClCompile Include="src\ViewManager.cpp" />
    <ClCompile Include="src\NanoBehaviour\NanoAgent.cpp" />
  </ItemGroup>
  <ItemGroup>
    <ClInclude Include="inc\FiniteStateMachine.h" />
    <ClInclude Include="inc\FSMCore.h" />
    <ClInclude Include="inc\NanoBehaviour\HomeNano.h" />
    <ClInclude Include="inc\NanoBehaviour\IdleNano.h" />
    <ClInclude Include="inc\NanoBehaviour\MineNano.h" />
    <ClInclude Include="inc\NanoBehaviour\NanoAgent.h" />
    <ClInclude Include="inc\NanoBehaviour\NanoFSMCore.h" />
    <ClInclude Include="inc\State.h" />
    <ClInclude Include="inc\ViewManager.h" />
    <ClInclude Include="src\Main\MainMarco.cpp" />
    <ClInclude Include="inc\NanoBehaviour\WalkNano.h" />
    <ClInclude Include="src\Main\MainVale.cpp" />
    <ClInclude Include="inc\Vector2.h" />
  </ItemGroup>
  <ItemGroup>
    <Image Include="resources\dwarf.png" />
    <Image Include="resources\grass.png" />
  </ItemGroup>
</Project>